
Microsoft Visual Studio Solution File, Format Version 12.00
# Visual Studio Version 16
VisualStudioVersion = 16.0.31205.134
MinimumVisualStudioVersion = 10.0.40219.1
Project("{FAE04EC0-301F-11D3-BF4B-00C04F79EFBC}") = "Java-static-intitializate-block", "Java-static-intitializate-block\Java-static-intitializate-block.csproj", "{FC2C8CE5-284F-4DF4-84DB-21049DA3D327}"
EndProject
Global
	GlobalSection(SolutionConfigurationPlatforms) = preSolution
		Debug|Any CPU = Debug|Any CPU
		Release|Any CPU = Release|Any CPU
	EndGlobalSection
	GlobalSection(ProjectConfigurationPlatforms) = postSolution
		{FC2C8CE5-284F-4DF4-84DB-21049DA3D327}.Debug|Any CPU.ActiveCfg = Debug|Any CPU
		{FC2C8CE5-284F-4DF4-84DB-21049DA3D327}.Debug|Any CPU.Build.0 = Debug|Any CPU
		{FC2C8CE5-284F-4DF4-84DB-21049DA3D327}.Release|Any CPU.ActiveCfg = Release|Any CPU
		{FC2C8CE5-284F-4DF4-84DB-21049DA3D327}.Release|Any CPU.Build.0 = Release|Any CPU
	EndGlobalSection
	GlobalSection(SolutionProperties) = preSolution
		HideSolutionNode = FALSE
	EndGlobalSection
	GlobalSection(ExtensibilityGlobals) = postSolution
		SolutionGuid = {8A74F92E-04BE-48FB-A401-A69ECC51D045}
	EndGlobalSection
EndGlobal
